
Microsoft Visual Studio Solution File, Format Version 12.00
# Visual Studio 15
VisualStudioVersion = 15.0.27428.2037
MinimumVisualStudioVersion = 10.0.40219.1
Project("{FAE04EC0-301F-11D3-BF4B-00C04F79EFBC}") = "BuilderPattern", "BuilderPattern\BuilderPattern.csproj", "{1BE52769-4112-487E-AB8F-323ED7F93049}"
EndProject
Project("{FAE04EC0-301F-11D3-BF4B-00C04F79EFBC}") = "Pizza", "Pizza\Pizza.csproj", "{FDDA2906-139C-403F-A907-25652747900F}"
EndProject
Global
	GlobalSection(SolutionConfigurationPlatforms) = preSolution
		Debug|Any CPU = Debug|Any CPU
		Release|Any CPU = Release|Any CPU
	EndGlobalSection
	GlobalSection(ProjectConfigurationPlatforms) = postSolution
		{1BE52769-4112-487E-AB8F-323ED7F93049}.Debug|Any CPU.ActiveCfg = Debug|Any CPU
		{1BE52769-4112-487E-AB8F-323ED7F93049}.Debug|Any CPU.Build.0 = Debug|Any CPU
		{1BE52769-4112-487E-AB8F-323ED7F93049}.Release|Any CPU.ActiveCfg = Release|Any CPU
		{1BE52769-4112-487E-AB8F-323ED7F93049}.Release|Any CPU.Build.0 = Release|Any CPU
		{FDDA2906-139C-403F-A907-25652747900F}.Debug|Any CPU.ActiveCfg = Debug|Any CPU
		{FDDA2906-139C-403F-A907-25652747900F}.Debug|Any CPU.Build.0 = Debug|Any CPU
		{FDDA2906-139C-403F-A907-25652747900F}.Release|Any CPU.ActiveCfg = Release|Any CPU
		{FDDA2906-139C-403F-A907-25652747900F}.Release|Any CPU.Build.0 = Release|Any CPU
	EndGlobalSection
	GlobalSection(SolutionProperties) = preSolution
		HideSolutionNode = FALSE
	EndGlobalSection
	GlobalSection(ExtensibilityGlobals) = postSolution
		SolutionGuid = {3AF92662-9A91-4D16-A224-11961B372627}
	EndGlobalSection
EndGlobal
